
Microsoft Visual Studio Solution File, Format Version 12.00
# Visual Studio 2012
Project("{8BC9CEB8-8B4A-11D0-8D11-00A0C91BC942}") = "FileDisk", "FileDisk\FileDisk.vcxproj", "{2E64C31D-192D-4607-B834-5AC8E06ED360}"
EndProject
Project("{8BC9CEB8-8B4A-11D0-8D11-00A0C91BC942}") = "FileDisk Package", "FileDisk Package\FileDisk Package.vcxproj", "{A927B68D-EAB0-430F-A71D-B50FD645E47E}"
	ProjectSection(ProjectDependencies) = postProject
		{2E64C31D-192D-4607-B834-5AC8E06ED360} = {2E64C31D-192D-4607-B834-5AC8E06ED360}
	EndProjectSection
EndProject
Project("{8BC9CEB8-8B4A-11D0-8D11-00A0C91BC942}") = "FileDisk Interface", "FileDisk Interface\FileDisk Interface.vcxproj", "{3A67D3B9-F39C-460C-8E0E-D73F9258F153}"
EndProject
Global
	GlobalSection(SolutionConfigurationPlatforms) = preSolution
		Debug|Win32 = Debug|Win32
		Debug|x64 = Debug|x64
		Release|Win32 = Release|Win32
		Release|x64 = Release|x64
		Vista Debug|Win32 = Vista Debug|Win32
		Vista Debug|x64 = Vista Debug|x64
		Vista Release|Win32 = Vista Release|Win32
		Vista Release|x64 = Vista Release|x64
		Win7 Debug|Win32 = Win7 Debug|Win32
		Win7 Debug|x64 = Win7 Debug|x64
		Win7 Release|Win32 = Win7 Release|Win32
		Win7 Release|x64 = Win7 Release|x64
		Win8 Debug|Win32 = Win8 Debug|Win32
		Win8 Debug|x64 = Win8 Debug|x64
		Win8 Release|Win32 = Win8 Release|Win32
		Win8 Release|x64 = Win8 Release|x64
	EndGlobalSection
	GlobalSection(ProjectConfigurationPlatforms) = postSolution
		{2E64C31D-192D-4607-B834-5AC8E06ED360}.Debug|Win32.ActiveCfg = Win8 Debug|Win32
		{2E64C31D-192D-4607-B834-5AC8E06ED360}.Debug|Win32.Build.0 = Win8 Debug|Win32
		{2E64C31D-192D-4607-B834-5AC8E06ED360}.Debug|Win32.Deploy.0 = Win8 Debug|Win32
		{2E64C31D-192D-4607-B834-5AC8E06ED360}.Debug|x64.ActiveCfg = Win8 Debug|x64
		{2E64C31D-192D-4607-B834-5AC8E06ED360}.Debug|x64.Build.0 = Win8 Debug|x64
		{2E64C31D-192D-4607-B834-5AC8E06ED360}.Release|Win32.ActiveCfg = Win8 Release|Win32
		{2E64C31D-192D-4607-B834-5AC8E06ED360}.Release|Win32.Build.0 = Win8 Release|Win32
		{2E64C31D-192D-4607-B834-5AC8E06ED360}.Release|Win32.Deploy.0 = Win8 Release|Win32
		{2E64C31D-192D-4607-B834-5AC8E06ED360}.Release|x64.ActiveCfg = Win8 Release|x64
		{2E64C31D-192D-4607-B834-5AC8E06ED360}.Release|x64.Build.0 = Win8 Release|x64
		{2E64C31D-192D-4607-B834-5AC8E06ED360}.Vista Debug|Win32.ActiveCfg = Vista Debug|Win32
		{2E64C31D-192D-4607-B834-5AC8E06ED360}.Vista Debug|Win32.Build.0 = Vista Debug|Win32
		{2E64C31D-192D-4607-B834-5AC8E06ED360}.Vista Debug|Win32.Deploy.0 = Vista Debug|Win32
		{2E64C31D-192D-4607-B834-5AC8E06ED360}.Vista Debug|x64.ActiveCfg = Vista Debug|x64
		{2E64C31D-192D-4607-B834-5AC8E06ED360}.Vista Debug|x64.Build.0 = Vista Debug|x64
		{2E64C31D-192D-4607-B834-5AC8E06ED360}.Vista Debug|x64.Deploy.0 = Vista Debug|x64
		{2E64C31D-192D-4607-B834-5AC8E06ED360}.Vista Release|Win32.ActiveCfg = Vista Release|Win32
		{2E64C31D-192D-4607-B834-5AC8E06ED360}.Vista Release|Win32.Build.0 = Vista Release|Win32
		{2E64C31D-192D-4607-B834-5AC8E06ED360}.Vista Release|Win32.Deploy.0 = Vista Release|Win32
		{2E64C31D-192D-4607-B834-5AC8E06ED360}.Vista Release|x64.ActiveCfg = Vista Release|x64
		{2E64C31D-192D-4607-B834-5AC8E06ED360}.Vista Release|x64.Build.0 = Vista Release|x64
		{2E64C31D-192D-4607-B834-5AC8E06ED360}.Vista Release|x64.Deploy.0 = Vista Release|x64
		{2E64C31D-192D-4607-B834-5AC8E06ED360}.Win7 Debug|Win32.ActiveCfg = Win7 Debug|Win32
		{2E64C31D-192D-4607-B834-5AC8E06ED360}.Win7 Debug|Win32.Build.0 = Win7 Debug|Win32
		{2E64C31D-192D-4607-B834-5AC8E06ED360}.Win7 Debug|Win32.Deploy.0 = Win7 Debug|Win32
		{2E64C31D-192D-4607-B834-5AC8E06ED360}.Win7 Debug|x64.ActiveCfg = Win7 Debug|x64
		{2E64C31D-192D-4607-B834-5AC8E06ED360}.Win7 Debug|x64.Build.0 = Win7 Debug|x64
		{2E64C31D-192D-4607-B834-5AC8E06ED360}.Win7 Debug|x64.Deploy.0 = Win7 Debug|x64
		{2E64C31D-192D-4607-B834-5AC8E06ED360}.Win7 Release|Win32.ActiveCfg = Win7 Release|Win32
		{2E64C31D-192D-4607-B834-5AC8E06ED360}.Win7 Release|Win32.Build.0 = Win7 Release|Win32
		{2E64C31D-192D-4607-B834-5AC8E06ED360}.Win7 Release|Win32.Deploy.0 = Win7 Release|Win32
		{2E64C31D-192D-4607-B834-5AC8E06ED360}.Win7 Release|x64.ActiveCfg = Win7 Release|x64
		{2E64C31D-192D-4607-B834-5AC8E06ED360}.Win7 Release|x64.Build.0 = Win7 Release|x64
		{2E64C31D-192D-4607-B834-5AC8E06ED360}.Win7 Release|x64.Deploy.0 = Win7 Release|x64
		{2E64C31D-192D-4607-B834-5AC8E06ED360}.Win8 Debug|Win32.ActiveCfg = Win8 Debug|Win32
		{2E64C31D-192D-4607-B834-5AC8E06ED360}.Win8 Debug|Win32.Build.0 = Win8 Debug|Win32
		{2E64C31D-192D-4607-B834-5AC8E06ED360}.Win8 Debug|Win32.Deploy.0 = Win8 Debug|Win32
		{2E64C31D-192D-4607-B834-5AC8E06ED360}.Win8 Debug|x64.ActiveCfg = Win8 Debug|x64
		{2E64C31D-192D-4607-B834-5AC8E06ED360}.Win8 Debug|x64.Build.0 = Win8 Debug|x64
		{2E64C31D-192D-4607-B834-5AC8E06ED360}.Win8 Debug|x64.Deploy.0 = Win8 Debug|x64
		{2E64C31D-192D-4607-B834-5AC8E06ED360}.Win8 Release|Win32.ActiveCfg = Win8 Release|Win32
		{2E64C31D-192D-4607-B834-5AC8E06ED360}.Win8 Release|Win32.Build.0 = Win8 Release|Win32
		{2E64C31D-192D-4607-B834-5AC8E06ED360}.Win8 Release|Win32.Deploy.0 = Win8 Release|Win32
		{2E64C31D-192D-4607-B834-5AC8E06ED360}.Win8 Release|x64.ActiveCfg = Win8 Release|x64
		{2E64C31D-192D-4607-B834-5AC8E06ED360}.Win8 Release|x64.Build.0 = Win8 Release|x64
		{2E64C31D-192D-4607-B834-5AC8E06ED360}.Win8 Release|x64.Deploy.0 = Win8 Release|x64
		{A927B68D-EAB0-430F-A71D-B50FD645E47E}.Debug|Win32.ActiveCfg = Win8 Debug|Win32
		{A927B68D-EAB0-430F-A71D-B50FD645E47E}.Debug|Win32.Build.0 = Win8 Debug|Win32
		{A927B68D-EAB0-430F-A71D-B50FD645E47E}.Debug|Win32.Deploy.0 = Win8 Debug|Win32
		{A927B68D-EAB0-430F-A71D-B50FD645E47E}.Debug|x64.ActiveCfg = Win8 Debug|x64
		{A927B68D-EAB0-430F-A71D-B50FD645E47E}.Debug|x64.Build.0 = Win8 Debug|x64
		{A927B68D-EAB0-430F-A71D-B50FD645E47E}.Release|Win32.ActiveCfg = Win8 Release|Win32
		{A927B68D-EAB0-430F-A71D-B50FD645E47E}.Release|Win32.Build.0 = Win8 Release|Win32
		{A927B68D-EAB0-430F-A71D-B50FD645E47E}.Release|Win32.Deploy.0 = Win8 Release|Win32
		{A927B68D-EAB0-430F-A71D-B50FD645E47E}.Release|x64.ActiveCfg = Win8 Release|x64
		{A927B68D-EAB0-430F-A71D-B50FD645E47E}.Release|x64.Build.0 = Win8 Release|x64
		{A927B68D-EAB0-430F-A71D-B50FD645E47E}.Vista Debug|Win32.ActiveCfg = Vista Debug|Win32
		{A927B68D-EAB0-430F-A71D-B50FD645E47E}.Vista Debug|Win32.Build.0 = Vista Debug|Win32
		{A927B68D-EAB0-430F-A71D-B50FD645E47E}.Vista Debug|Win32.Deploy.0 = Vista Debug|Win32
		{A927B68D-EAB0-430F-A71D-B50FD645E47E}.Vista Debug|x64.ActiveCfg = Vista Debug|x64
		{A927B68D-EAB0-430F-A71D-B50FD645E47E}.Vista Debug|x64.Build.0 = Vista Debug|x64
		{A927B68D-EAB0-430F-A71D-B50FD645E47E}.Vista Debug|x64.Deploy.0 = Vista Debug|x64
		{A927B68D-EAB0-430F-A71D-B50FD645E47E}.Vista Release|Win32.ActiveCfg = Vista Release|Win32
		{A927B68D-EAB0-430F-A71D-B50FD645E47E}.Vista Release|Win32.Build.0 = Vista Release|Win32
		{A927B68D-EAB0-430F-A71D-B50FD645E47E}.Vista Release|Win32.Deploy.0 = Vista Release|Win32
		{A927B68D-EAB0-430F-A71D-B50FD645E47E}.Vista Release|x64.ActiveCfg = Vista Release|x64
		{A927B68D-EAB0-430F-A71D-B50FD645E47E}.Vista Release|x64.Build.0 = Vista Release|x64
		{A927B68D-EAB0-430F-A71D-B50FD645E47E}.Vista Release|x64.Deploy.0 = Vista Release|x64
		{A927B68D-EAB0-430F-A71D-B50FD645E47E}.Win7 Debug|Win32.ActiveCfg = Win7 Debug|Win32
		{A927B68D-EAB0-430F-A71D-B50FD645E47E}.Win7 Debug|Win32.Build.0 = Win7 Debug|Win32
		{A927B68D-EAB0-430F-A71D-B50FD645E47E}.Win7 Debug|Win32.Deploy.0 = Win7 Debug|Win32
		{A927B68D-EAB0-430F-A71D-B50FD645E47E}.Win7 Debug|x64.ActiveCfg = Win7 Debug|x64
		{A927B68D-EAB0-430F-A71D-B50FD645E47E}.Win7 Debug|x64.Build.0 = Win7 Debug|x64
		{A927B68D-EAB0-430F-A71D-B50FD645E47E}.Win7 Debug|x64.Deploy.0 = Win7 Debug|x64
		{A927B68D-EAB0-430F-A71D-B50FD645E47E}.Win7 Release|Win32.ActiveCfg = Win7 Release|Win32
		{A927B68D-EAB0-430F-A71D-B50FD645E47E}.Win7 Release|Win32.Build.0 = Win7 Release|Win32
		{A927B68D-EAB0-430F-A71D-B50FD645E47E}.Win7 Release|Win32.Deploy.0 = Win7 Release|Win32
		{A927B68D-EAB0-430F-A71D-B50FD645E47E}.Win7 Release|x64.ActiveCfg = Win7 Release|x64
		{A927B68D-EAB0-430F-A71D-B50FD645E47E}.Win7 Release|x64.Build.0 = Win7 Release|x64
		{A927B68D-EAB0-430F-A71D-B50FD645E47E}.Win7 Release|x64.Deploy.0 = Win7 Release|x64
		{A927B68D-EAB0-430F-A71D-B50FD645E47E}.Win8 Debug|Win32.ActiveCfg = Win8 Debug|Win32
		{A927B68D-EAB0-430F-A71D-B50FD645E47E}.Win8 Debug|Win32.Build.0 = Win8 Debug|Win32
		{A927B68D-EAB0-430F-A71D-B50FD645E47E}.Win8 Debug|Win32.Deploy.0 = Win8 Debug|Win32
		{A927B68D-EAB0-430F-A71D-B50FD645E47E}.Win8 Debug|x64.ActiveCfg = Win8 Debug|x64
		{A927B68D-EAB0-430F-A71D-B50FD645E47E}.Win8 Debug|x64.Build.0 = Win8 Debug|x64
		{A927B68D-EAB0-430F-A71D-B50FD645E47E}.Win8 Debug|x64.Deploy.0 = Win8 Debug|x64
		{A927B68D-EAB0-430F-A71D-B50FD645E47E}.Win8 Release|Win32.ActiveCfg = Win8 Release|Win32
		{A927B68D-EAB0-430F-A71D-B50FD645E47E}.Win8 Release|Win32.Build.0 = Win8 Release|Win32
		{A927B68D-EAB0-430F-A71D-B50FD645E47E}.Win8 Release|Win32.Deploy.0 = Win8 Release|Win32
		{A927B68D-EAB0-430F-A71D-B50FD645E47E}.Win8 Release|x64.ActiveCfg = Win8 Release|x64
		{A927B68D-EAB0-430F-A71D-B50FD645E47E}.Win8 Release|x64.Build.0 = Win8 Release|x64
		{A927B68D-EAB0-430F-A71D-B50FD645E47E}.Win8 Release|x64.Deploy.0 = Win8 Release|x64
		{3A67D3B9-F39C-460C-8E0E-D73F9258F153}.Debug|Win32.ActiveCfg = Debug|Win32
		{3A67D3B9-F39C-460C-8E0E-D73F9258F153}.Debug|Win32.Build.0 = Debug|Win32
		{3A67D3B9-F39C-460C-8E0E-D73F9258F153}.Debug|Win32.Deploy.0 = Debug|Win32
		{3A67D3B9-F39C-460C-8E0E-D73F9258F153}.Debug|x64.ActiveCfg = Debug|Win32
		{3A67D3B9-F39C-460C-8E0E-D73F9258F153}.Release|Win32.ActiveCfg = Release|Win32
		{3A67D3B9-F39C-460C-8E0E-D73F9258F153}.Release|Win32.Build.0 = Release|Win32
		{3A67D3B9-F39C-460C-8E0E-D73F9258F153}.Release|Win32.Deploy.0 = Release|Win32
		{3A67D3B9-F39C-460C-8E0E-D73F9258F153}.Release|x64.ActiveCfg = Release|Win32
		{3A67D3B9-F39C-460C-8E0E-D73F9258F153}.Vista Debug|Win32.ActiveCfg = Debug|Win32
		{3A67D3B9-F39C-460C-8E0E-D73F9258F153}.Vista Debug|Win32.Build.0 = Debug|Win32
		{3A67D3B9-F39C-460C-8E0E-D73F9258F153}.Vista Debug|Win32.Deploy.0 = Debug|Win32
		{3A67D3B9-F39C-460C-8E0E-D73F9258F153}.Vista Debug|x64.ActiveCfg = Debug|Win32
		{3A67D3B9-F39C-460C-8E0E-D73F9258F153}.Vista Release|Win32.ActiveCfg = Release|Win32
		{3A67D3B9-F39C-460C-8E0E-D73F9258F153}.Vista Release|Win32.Build.0 = Release|Win32
		{3A67D3B9-F39C-460C-8E0E-D73F9258F153}.Vista Release|Win32.Deploy.0 = Release|Win32
		{3A67D3B9-F39C-460C-8E0E-D73F9258F153}.Vista Release|x64.ActiveCfg = Release|Win32
		{3A67D3B9-F39C-460C-8E0E-D73F9258F153}.Win7 Debug|Win32.ActiveCfg = Debug|Win32
		{3A67D3B9-F39C-460C-8E0E-D73F9258F153}.Win7 Debug|Win32.Build.0 = Debug|Win32
		{3A67D3B9-F39C-460C-8E0E-D73F9258F153}.Win7 Debug|Win32.Deploy.0 = Debug|Win32
		{3A67D3B9-F39C-460C-8E0E-D73F9258F153}.Win7 Debug|x64.ActiveCfg = Debug|Win32
		{3A67D3B9-F39C-460C-8E0E-D73F9258F153}.Win7 Release|Win32.ActiveCfg = Release|Win32
		{3A67D3B9-F39C-460C-8E0E-D73F9258F153}.Win7 Release|Win32.Build.0 = Release|Win32
		{3A67D3B9-F39C-460C-8E0E-D73F9258F153}.Win7 Release|Win32.Deploy.0 = Release|Win32
		{3A67D3B9-F39C-460C-8E0E-D73F9258F153}.Win7 Release|x64.ActiveCfg = Release|Win32
		{3A67D3B9-F39C-460C-8E0E-D73F9258F153}.Win8 Debug|Win32.ActiveCfg = Debug|Win32
		{3A67D3B9-F39C-460C-8E0E-D73F9258F153}.Win8 Debug|Win32.Build.0 = Debug|Win32
		{3A67D3B9-F39C-460C-8E0E-D73F9258F153}.Win8 Debug|Win32.Deploy.0 = Debug|Win32
		{3A67D3B9-F39C-460C-8E0E-D73F9258F153}.Win8 Debug|x64.ActiveCfg = Debug|Win32
		{3A67D3B9-F39C-460C-8E0E-D73F9258F153}.Win8 Release|Win32.ActiveCfg = Release|Win32
		{3A67D3B9-F39C-460C-8E0E-D73F9258F153}.Win8 Release|Win32.Build.0 = Release|Win32
		{3A67D3B9-F39C-460C-8E0E-D73F9258F153}.Win8 Release|Win32.Deploy.0 = Release|Win32
		{3A67D3B9-F39C-460C-8E0E-D73F9258F153}.Win8 Release|x64.ActiveCfg = Release|Win32
	EndGlobalSection
	GlobalSection(SolutionProperties) = preSolution
		HideSolutionNode = FALSE
	EndGlobalSection
EndGlobal
